
Microsoft Visual Studio Solution File, Format Version 12.00
# Visual Studio Version 17
VisualStudioVersion = 17.4.33205.214
MinimumVisualStudioVersion = 10.0.40219.1
Project("{FAE04EC0-301F-11D3-BF4B-00C04F79EFBC}") = "CrazyBrackets", "CrazyBrackets.csproj", "{696085D7-77AD-4600-A96F-22620BE66EF3}"
EndProject
Global
	GlobalSection(SolutionConfigurationPlatforms) = preSolution
		Debug|Any CPU = Debug|Any CPU
		Release|Any CPU = Release|Any CPU
	EndGlobalSection
	GlobalSection(ProjectConfigurationPlatforms) = postSolution
		{696085D7-77AD-4600-A96F-22620BE66EF3}.Debug|Any CPU.ActiveCfg = Debug|Any CPU
		{696085D7-77AD-4600-A96F-22620BE66EF3}.Debug|Any CPU.Build.0 = Debug|Any CPU
		{696085D7-77AD-4600-A96F-22620BE66EF3}.Release|Any CPU.ActiveCfg = Release|Any CPU
		{696085D7-77AD-4600-A96F-22620BE66EF3}.Release|Any CPU.Build.0 = Release|Any CPU
	EndGlobalSection
	GlobalSection(SolutionProperties) = preSolution
		HideSolutionNode = FALSE
	EndGlobalSection
	GlobalSection(ExtensibilityGlobals) = postSolution
		SolutionGuid = {BAC3B2F9-216A-482F-80B4-BB4AC58A1B38}
	EndGlobalSection
EndGlobal
